
Microsoft Visual Studio Solution File, Format Version 12.00
# Visual Studio Version 17
VisualStudioVersion = 17.0.31903.59
MinimumVisualStudioVersion = 10.0.40219.1
Project("{FAE04EC0-301F-11D3-BF4B-00C04F79EFBC}") = "FruitShop.Application.API", "FruitShop.Application.API\FruitShop.Application.API.csproj", "{D5DF0071-1BFD-4F93-A1C9-5D522B95CD74}"
EndProject
Project("{FAE04EC0-301F-11D3-BF4B-00C04F79EFBC}") = "FruitShop.IdentityServer", "FruitShop.IdentityServer\FruitShop.IdentityServer.csproj", "{93B2020B-ACFA-417E-9626-D1431B96A24C}"
EndProject
Global
	GlobalSection(SolutionConfigurationPlatforms) = preSolution
		Debug|Any CPU = Debug|Any CPU
		Release|Any CPU = Release|Any CPU
	EndGlobalSection
	GlobalSection(SolutionProperties) = preSolution
		HideSolutionNode = FALSE
	EndGlobalSection
	GlobalSection(ProjectConfigurationPlatforms) = postSolution
		{D5DF0071-1BFD-4F93-A1C9-5D522B95CD74}.Debug|Any CPU.ActiveCfg = Debug|Any CPU
		{D5DF0071-1BFD-4F93-A1C9-5D522B95CD74}.Debug|Any CPU.Build.0 = Debug|Any CPU
		{D5DF0071-1BFD-4F93-A1C9-5D522B95CD74}.Release|Any CPU.ActiveCfg = Release|Any CPU
		{D5DF0071-1BFD-4F93-A1C9-5D522B95CD74}.Release|Any CPU.Build.0 = Release|Any CPU
		{93B2020B-ACFA-417E-9626-D1431B96A24C}.Debug|Any CPU.ActiveCfg = Debug|Any CPU
		{93B2020B-ACFA-417E-9626-D1431B96A24C}.Debug|Any CPU.Build.0 = Debug|Any CPU
		{93B2020B-ACFA-417E-9626-D1431B96A24C}.Release|Any CPU.ActiveCfg = Release|Any CPU
		{93B2020B-ACFA-417E-9626-D1431B96A24C}.Release|Any CPU.Build.0 = Release|Any CPU
	EndGlobalSection
EndGlobal
